// !$*UTF8*$!
{
	archiveVersion = 1;
	classes = {
	};
	objectVersion = 48;
	objects = {

/* Begin PBXBuildFile section */
		650A00F1202DE30F00D2ED20 /* AppDelegate.swift in Sources */ = {isa = PBXBuildFile; fileRef = 650A00F0202DE30F00D2ED20 /* AppDelegate.swift */; };
		650A00F3202DE30F00D2ED20 /* ViewController.swift in Sources */ = {isa = PBXBuildFile; fileRef = 650A00F2202DE30F00D2ED20 /* ViewController.swift */; };
		650A00F6202DE30F00D2ED20 /* Main.storyboard in Resources */ = {isa = PBXBuildFile; fileRef = 650A00F4202DE30F00D2ED20 /* Main.storyboard */; };
		650A00F8202DE30F00D2ED20 /* Assets.xcassets in Resources */ = {isa = PBXBuildFile; fileRef = 650A00F7202DE30F00D2ED20 /* Assets.xcassets */; };
		650A00FB202DE30F00D2ED20 /* LaunchScreen.storyboard in Resources */ = {isa = PBXBuildFile; fileRef = 650A00F9202DE30F00D2ED20 /* LaunchScreen.storyboard */; };
		650A0106202DE30F00D2ED20 /* ____Hello_WorldTests.swift in Sources */ = {isa = PBXBuildFile; fileRef = 650A0105202DE30F00D2ED20 /* ____Hello_WorldTests.swift */; };
		650A0111202DE30F00D2ED20 /* ____Hello_WorldUITests.swift in Sources */ = {isa = PBXBuildFile; fileRef = 650A0110202DE30F00D2ED20 /* ____Hello_WorldUITests.swift */; };
/* End PBXBuildFile section */

/* Begin PBXContainerItemProxy section */
		650A0102202DE30F00D2ED20 /* PBXContainerItemProxy */ = {
			isa = PBXContainerItemProxy;
			containerPortal = 650A00E5202DE30F00D2ED20 /* Project object */;
			proxyType = 1;
			remoteGlobalIDString = 650A00EC202DE30F00D2ED20;
			remoteInfo = "1 - Hello World";
		};
		650A010D202DE30F00D2ED20 /* PBXContainerItemProxy */ = {
			isa = PBXContainerItemProxy;
			containerPortal = 650A00E5202DE30F00D2ED20 /* Project object */;
			proxyType = 1;
			remoteGlobalIDString = 650A00EC202DE30F00D2ED20;
			remoteInfo = "1 - Hello World";
		};
/* End PBXContainerItemProxy section */

/* Begin PBXFileReference section */
		650A00ED202DE30F00D2ED20 /* 1 - Hello World.app */ = {isa = PBXFileReference; explicitFileType = wrapper.application; includeInIndex = 0; path = "1 - Hello World.app"; sourceTree = BUILT_PRODUCTS_DIR; };
		650A00F0202DE30F00D2ED20 /* AppDelegate.swift */ = {isa = PBXFileReference; lastKnownFileType = sourcecode.swift; path = AppDelegate.swift; sourceTree = "<group>"; };
		650A00F2202DE30F00D2ED20 /* ViewController.swift */ = {isa = PBXFileReference; lastKnownFileType = sourcecode.swift; path = ViewController.swift; sourceTree = "<group>"; };
		650A00F5202DE30F00D2ED20 /* Base */ = {isa = PBXFileReference; lastKnownFileType = file.storyboard; name = Base; path = Base.lproj/Main.storyboard; sourceTree = "<group>"; };
		650A00F7202DE30F00D2ED20 /* Assets.xcassets */ = {isa = PBXFileReference; lastKnownFileType = folder.assetcatalog; path = Assets.xcassets; sourceTree = "<group>"; };
		650A00FA202DE30F00D2ED20 /* Base */ = {isa = PBXFileReference; lastKnownFileType = file.storyboard; name = Base; path = Base.lproj/LaunchScreen.storyboard; sourceTree = "<group>"; };
		650A00FC202DE30F00D2ED20 /* Info.plist */ = {isa = PBXFileReference; lastKnownFileType = text.plist.xml; path = Info.plist; sourceTree = "<group>"; };
		650A0101202DE30F00D2ED20 /* 1 - Hello WorldTests.xctest */ = {isa = PBXFileReference; explicitFileType = wrapper.cfbundle; includeInIndex = 0; path = "1 - Hello WorldTests.xctest"; sourceTree = BUILT_PRODUCTS_DIR; };
		650A0105202DE30F00D2ED20 /* ____Hello_WorldTests.swift */ = {isa = PBXFileReference; lastKnownFileType = sourcecode.swift; path = "____Hello_WorldTests.swift"; sourceTree = "<group>"; };
		650A0107202DE30F00D2ED20 /* Info.plist */ = {isa = PBXFileReference; lastKnownFileType = text.plist.xml; path = Info.plist; sourceTree = "<group>"; };
		650A010C202DE30F00D2ED20 /* 1 - Hello WorldUITests.xctest */ = {isa = PBXFileReference; explicitFileType = wrapper.cfbundle; includeInIndex = 0; path = "1 - Hello WorldUITests.xctest"; sourceTree = BUILT_PRODUCTS_DIR; };
		650A0110202DE30F00D2ED20 /* ____Hello_WorldUITests.swift */ = {isa = PBXFileReference; lastKnownFileType = sourcecode.swift; path = "____Hello_WorldUITests.swift"; sourceTree = "<group>"; };
		650A0112202DE31000D2ED20 /* Info.plist */ = {isa = PBXFileReference; lastKnownFileType = text.plist.xml; path = Info.plist; sourceTree = "<group>"; };
/* End PBXFileReference section */

/* Begin PBXFrameworksBuildPhase section */
		650A00EA202DE30F00D2ED20 /* Frameworks */ = {
			isa = PBXFrameworksBuildPhase;
			buildActionMask = 2147483647;
			files = (
			);
			runOnlyForDeploymentPostprocessing = 0;
		};
		650A00FE202DE30F00D2ED20 /* Frameworks */ = {
			isa = PBXFrameworksBuildPhase;
			buildActionMask = 2147483647;
			files = (
			);
			runOnlyForDeploymentPostprocessing = 0;
		};
		650A0109202DE30F00D2ED20 /* Frameworks */ = {
			isa = PBXFrameworksBuildPhase;
			buildActionMask = 2147483647;
			files = (
			);
			runOnlyForDeploymentPostprocessing = 0;
		};
/* End PBXFrameworksBuildPhase section */

/* Begin PBXGroup section */
		650A00E4202DE30F00D2ED20 = {
			isa = PBXGroup;
			children = (
				650A00EF202DE30F00D2ED20 /* 1 - Hello World */,
				650A0104202DE30F00D2ED20 /* 1 - Hello WorldTests */,
				650A010F202DE30F00D2ED20 /* 1 - Hello WorldUITests */,
				650A00EE202DE30F00D2ED20 /* Products */,
			);
			sourceTree = "<group>";
		};
		650A00EE202DE30F00D2ED20 /* Products */ = {
			isa = PBXGroup;
			children = (
				650A00ED202DE30F00D2ED20 /* 1 - Hello World.app */,
				650A0101202DE30F00D2ED20 /* 1 - Hello WorldTests.xctest */,
				650A010C202DE30F00D2ED20 /* 1 - Hello WorldUITests.xctest */,
			);
			name = Products;
			sourceTree = "<group>";
		};
		650A00EF202DE30F00D2ED20 /* 1 - Hello World */ = {
			isa = PBXGroup;
			children = (
				650A00F0202DE30F00D2ED20 /* AppDelegate.swift */,
				650A00F2202DE30F00D2ED20 /* ViewController.swift */,
				650A00F4202DE30F00D2ED20 /* Main.storyboard */,
				650A00F7202DE30F00D2ED20 /* Assets.xcassets */,
				650A00F9202DE30F00D2ED20 /* LaunchScreen.storyboard */,
				650A00FC202DE30F00D2ED20 /* Info.plist */,
			);
			path = "1 - Hello World";
			sourceTree = "<group>";
		};
		650A0104202DE30F00D2ED20 /* 1 - Hello WorldTests */ = {
			isa = PBXGroup;
			children = (
				650A0105202DE30F00D2ED20 /* ____Hello_WorldTests.swift */,
				650A0107202DE30F00D2ED20 /* Info.plist */,
			);
			path = "1 - Hello WorldTests";
			sourceTree = "<group>";
		};
		650A010F202DE30F00D2ED20 /* 1 - Hello WorldUITests */ = {
			isa = PBXGroup;
			children = (
				650A0110202DE30F00D2ED20 /* ____Hello_WorldUITests.swift */,
				650A0112202DE31000D2ED20 /* Info.plist */,
			);
			path = "1 - Hello WorldUITests";
			sourceTree = "<group>";
		};
/* End PBXGroup section */

/* Begin PBXNativeTarget section */
		650A00EC202DE30F00D2ED20 /* 1 - Hello World */ = {
			isa = PBXNativeTarget;
			buildConfigurationList = 650A0115202DE31000D2ED20 /* Build configuration list for PBXNativeTarget "1 - Hello World" */;
			buildPhases = (
				650A00E9202DE30F00D2ED20 /* Sources */,
				650A00EA202DE30F00D2ED20 /* Frameworks */,
				650A00EB202DE30F00D2ED20 /* Resources */,
			);
			buildRules = (
			);
			dependencies = (
			);
			name = "1 - Hello World";
			productName = "1 - Hello World";
			productReference = 650A00ED202DE30F00D2ED20 /* 1 - Hello World.app */;
			productType = "com.apple.product-type.application";
		};
		650A0100202DE30F00D2ED20 /* 1 - Hello WorldTests */ = {
			isa = PBXNativeTarget;
			buildConfigurationList = 650A0118202DE31000D2ED20 /* Build configuration list for PBXNativeTarget "1 - Hello WorldTests" */;
			buildPhases = (
				650A00FD202DE30F00D2ED20 /* Sources */,
				650A00FE202DE30F00D2ED20 /* Frameworks */,
				650A00FF202DE30F00D2ED20 /* Resources */,
			);
			buildRules = (
			);
			dependencies = (
				650A0103202DE30F00D2ED20 /* PBXTargetDependency */,
			);
			name = "1 - Hello WorldTests";
			productName = "1 - Hello WorldTests";
			productReference = 650A0101202DE30F00D2ED20 /* 1 - Hello WorldTests.xctest */;
			productType = "com.apple.product-type.bundle.unit-test";
		};
		650A010B202DE30F00D2ED20 /* 1 - Hello WorldUITests */ = {
			isa = PBXNativeTarget;
			buildConfigurationList = 650A011B202DE31000D2ED20 /* Build configuration list for PBXNativeTarget "1 - Hello WorldUITests" */;
			buildPhases = (
				650A0108202DE30F00D2ED20 /* Sources */,
				650A0109202DE30F00D2ED20 /* Frameworks */,
				650A010A202DE30F00D2ED20 /* Resources */,
			);
			buildRules = (
			);
			dependencies = (
				650A010E202DE30F00D2ED20 /* PBXTargetDependency */,
			);
			name = "1 - Hello WorldUITests";
			productName = "1 - Hello WorldUITests";
			productReference = 650A010C202DE30F00D2ED20 /* 1 - Hello WorldUITests.xctest */;
			productType = "com.apple.product-type.bundle.ui-testing";
		};
/* End PBXNativeTarget section */

/* Begin PBXProject section */
		650A00E5202DE30F00D2ED20 /* Project object */ = {
			isa = PBXProject;
			attributes = {
				LastSwiftUpdateCheck = 0920;
				LastUpgradeCheck = 0920;
				ORGANIZATIONNAME = "Daniel García Molero";
				TargetAttributes = {
					650A00EC202DE30F00D2ED20 = {
						CreatedOnToolsVersion = 9.2;
						ProvisioningStyle = Automatic;
					};
					650A0100202DE30F00D2ED20 = {
						CreatedOnToolsVersion = 9.2;
						ProvisioningStyle = Automatic;
						TestTargetID = 650A00EC202DE30F00D2ED20;
					};
					650A010B202DE30F00D2ED20 = {
						CreatedOnToolsVersion = 9.2;
						ProvisioningStyle = Automatic;
						TestTargetID = 650A00EC202DE30F00D2ED20;
					};
				};
			};
			buildConfigurationList = 650A00E8202DE30F00D2ED20 /* Build configuration list for PBXProject "1 - Hello World" */;
			compatibilityVersion = "Xcode 8.0";
			developmentRegion = en;
			hasScannedForEncodings = 0;
			knownRegions = (
				en,
				Base,
			);
			mainGroup = 650A00E4202DE30F00D2ED20;
			productRefGroup = 650A00EE202DE30F00D2ED20 /* Products */;
			projectDirPath = "";
			projectRoot = "";
			targets = (
				650A00EC202DE30F00D2ED20 /* 1 - Hello World */,
				650A0100202DE30F00D2ED20 /* 1 - Hello WorldTests */,
				650A010B202DE30F00D2ED20 /* 1 - Hello WorldUITests */,
			);
		};
/* End PBXProject section */

/* Begin PBXResourcesBuildPhase section */
		650A00EB202DE30F00D2ED20 /* Resources */ = {
			isa = PBXResourcesBuildPhase;
			buildActionMask = 2147483647;
			files = (
				650A00FB202DE30F00D2ED20 /* LaunchScreen.storyboard in Resources */,
				650A00F8202DE30F00D2ED20 /* Assets.xcassets in Resources */,
				650A00F6202DE30F00D2ED20 /* Main.storyboard in Resources */,
			);
			runOnlyForDeploymentPostprocessing = 0;
		};
		650A00FF202DE30F00D2ED20 /* Resources */ = {
			isa = PBXResourcesBuildPhase;
			buildActionMask = 2147483647;
			files = (
			);
			runOnlyForDeploymentPostprocessing = 0;
		};
		650A010A202DE30F00D2ED20 /* Resources */ = {
			isa = PBXResourcesBuildPhase;
			buildActionMask = 2147483647;
			files = (
			);
			runOnlyForDeploymentPostprocessing = 0;
		};
/* End PBXResourcesBuildPhase section */

/* Begin PBXSourcesBuildPhase section */
		650A00E9202DE30F00D2ED20 /* Sources */ = {
			isa = PBXSourcesBuildPhase;
			buildActionMask = 2147483647;
			files = (
				650A00F3202DE30F00D2ED20 /* ViewController.swift in Sources */,
				650A00F1202DE30F00D2ED20 /* AppDelegate.swift in Sources */,
			);
			runOnlyForDeploymentPostprocessing = 0;
		};
		650A00FD202DE30F00D2ED20 /* Sources */ = {
			isa = PBXSourcesBuildPhase;
			buildActionMask = 2147483647;
			files = (
				650A0106202DE30F00D2ED20 /* ____Hello_WorldTests.swift in Sources */,
			);
			runOnlyForDeploymentPostprocessing = 0;
		};
		650A0108202DE30F00D2ED20 /* Sources */ = {
			isa = PBXSourcesBuildPhase;
			buildActionMask = 2147483647;
			files = (
				650A0111202DE30F00D2ED20 /* ____Hello_WorldUITests.swift in Sources */,
			);
			runOnlyForDeploymentPostprocessing = 0;
		};
/* End PBXSourcesBuildPhase section */

/* Begin PBXTargetDependency section */
		650A0103202DE30F00D2ED20 /* PBXTargetDependency */ = {
			isa = PBXTargetDependency;
			target = 650A00EC202DE30F00D2ED20 /* 1 - Hello World */;
			targetProxy = 650A0102202DE30F00D2ED20 /* PBXContainerItemProxy */;
		};
		650A010E202DE30F00D2ED20 /* PBXTargetDependency */ = {
			isa = PBXTargetDependency;
			target = 650A00EC202DE30F00D2ED20 /* 1 - Hello World */;
			targetProxy = 650A010D202DE30F00D2ED20 /* PBXContainerItemProxy */;
		};
/* End PBXTargetDependency section */

/* Begin PBXVariantGroup section */
		650A00F4202DE30F00D2ED20 /* Main.storyboard */ = {
			isa = PBXVariantGroup;
			children = (
				650A00F5202DE30F00D2ED20 /* Base */,
			);
			name = Main.storyboard;
			sourceTree = "<group>";
		};
		650A00F9202DE30F00D2ED20 /* LaunchScreen.storyboard */ = {
			isa = PBXVariantGroup;
			children = (
				650A00FA202DE30F00D2ED20 /* Base */,
			);
			name = LaunchScreen.storyboard;
			sourceTree = "<group>";
		};
/* End PBXVariantGroup section */

/* Begin XCBuildConfiguration section */
		650A0113202DE31000D2ED20 /* Debug */ = {
			isa = XCBuildConfiguration;
			buildSettings = {
				ALWAYS_SEARCH_USER_PATHS = NO;
				CLANG_ANALYZER_NONNULL = YES;
				CLANG_ANALYZER_NUMBER_OBJECT_CONVERSION = YES_AGGRESSIVE;
				CLANG_CXX_LANGUAGE_STANDARD = "gnu++14";
				CLANG_CXX_LIBRARY = "libc++";
				CLANG_ENABLE_MODULES = YES;
				CLANG_ENABLE_OBJC_ARC = YES;
				CLANG_WARN_BLOCK_CAPTURE_AUTORELEASING = YES;
				CLANG_WARN_BOOL_CONVERSION = YES;
				CLANG_WARN_COMMA = YES;
				CLANG_WARN_CONSTANT_CONVERSION = YES;
				CLANG_WARN_DIRECT_OBJC_ISA_USAGE = YES_ERROR;
				CLANG_WARN_DOCUMENTATION_COMMENTS = YES;
				CLANG_WARN_EMPTY_BODY = YES;
				CLANG_WARN_ENUM_CONVERSION = YES;
				CLANG_WARN_INFINITE_RECURSION = YES;
				CLANG_WARN_INT_CONVERSION = YES;
				CLANG_WARN_NON_LITERAL_NULL_CONVERSION = YES;
				CLANG_WARN_OBJC_LITERAL_CONVERSION = YES;
				CLANG_WARN_OBJC_ROOT_CLASS = YES_ERROR;
				CLANG_WARN_RANGE_LOOP_ANALYSIS = YES;
				CLANG_WARN_STRICT_PROTOTYPES = YES;
				CLANG_WARN_SUSPICIOUS_MOVE = YES;
				CLANG_WARN_UNGUARDED_AVAILABILITY = YES_AGGRESSIVE;
				CLANG_WARN_UNREACHABLE_CODE = YES;
				CLANG_WARN__DUPLICATE_METHOD_MATCH = YES;
				CODE_SIGN_IDENTITY = "iPhone Developer";
				COPY_PHASE_STRIP = NO;
				DEBUG_INFORMATION_FORMAT = dwarf;
				ENABLE_STRICT_OBJC_MSGSEND = YES;
				ENABLE_TESTABILITY = YES;
				GCC_C_LANGUAGE_STANDARD = gnu11;
				GCC_DYNAMIC_NO_PIC = NO;
				GCC_NO_COMMON_BLOCKS = YES;
				GCC_OPTIMIZATION_LEVEL = 0;
				GCC_PREPROCESSOR_DEFINITIONS = (
					"DEBUG=1",
					"$(inherited)",
				);
				GCC_WARN_64_TO_32_BIT_CONVERSION = YES;
				GCC_WARN_ABOUT_RETURN_TYPE = YES_ERROR;
				GCC_WARN_UNDECLARED_SELECTOR = YES;
				GCC_WARN_UNINITIALIZED_AUTOS = YES_AGGRESSIVE;
				GCC_WARN_UNUSED_FUNCTION = YES;
				GCC_WARN_UNUSED_VARIABLE = YES;
				IPHONEOS_DEPLOYMENT_TARGET = 11.2;
				MTL_ENABLE_DEBUG_INFO = YES;
				ONLY_ACTIVE_ARCH = YES;
				SDKROOT = iphoneos;
				SWIFT_ACTIVE_COMPILATION_CONDITIONS = DEBUG;
				SWIFT_OPTIMIZATION_LEVEL = "-Onone";
			};
			name = Debug;
		};
		650A0114202DE31000D2ED20 /* Release */ = {
			isa = XCBuildConfiguration;
			buildSettings = {
				ALWAYS_SEARCH_USER_PATHS = NO;
				CLANG_ANALYZER_NONNULL = YES;
				CLANG_ANALYZER_NUMBER_OBJECT_CONVERSION = YES_AGGRESSIVE;
				CLANG_CXX_LANGUAGE_STANDARD = "gnu++14";
				CLANG_CXX_LIBRARY = "libc++";
				CLANG_ENABLE_MODULES = YES;
				CLANG_ENABLE_OBJC_ARC = YES;
				CLANG_WARN_BLOCK_CAPTURE_AUTORELEASING = YES;
				CLANG_WARN_BOOL_CONVERSION = YES;
				CLANG_WARN_COMMA = YES;
				CLANG_WARN_CONSTANT_CONVERSION = YES;
				CLANG_WARN_DIRECT_OBJC_ISA_USAGE = YES_ERROR;
				CLANG_WARN_DOCUMENTATION_COMMENTS = YES;
				CLANG_WARN_EMPTY_BODY = YES;
				CLANG_WARN_ENUM_CONVERSION = YES;
				CLANG_WARN_INFINITE_RECURSION = YES;
				CLANG_WARN_INT_CONVERSION = YES;
				CLANG_WARN_NON_LITERAL_NULL_CONVERSION = YES;
				CLANG_WARN_OBJC_LITERAL_CONVERSION = YES;
				CLANG_WARN_OBJC_ROOT_CLASS = YES_ERROR;
				CLANG_WARN_RANGE_LOOP_ANALYSIS = YES;
				CLANG_WARN_STRICT_PROTOTYPES = YES;
				CLANG_WARN_SUSPICIOUS_MOVE = YES;
				CLANG_WARN_UNGUARDED_AVAILABILITY = YES_AGGRESSIVE;
				CLANG_WARN_UNREACHABLE_CODE = YES;
				CLANG_WARN__DUPLICATE_METHOD_MATCH = YES;
				CODE_SIGN_IDENTITY = "iPhone Developer";
				COPY_PHASE_STRIP = NO;
				DEBUG_INFORMATION_FORMAT = "dwarf-with-dsym";
				ENABLE_NS_ASSERTIONS = NO;
				ENABLE_STRICT_OBJC_MSGSEND = YES;
				GCC_C_LANGUAGE_STANDARD = gnu11;
				GCC_NO_COMMON_BLOCKS = YES;
				GCC_WARN_64_TO_32_BIT_CONVERSION = YES;
				GCC_WARN_ABOUT_RETURN_TYPE = YES_ERROR;
				GCC_WARN_UNDECLARED_SELECTOR = YES;
				GCC_WARN_UNINITIALIZED_AUTOS = YES_AGGRESSIVE;
				GCC_WARN_UNUSED_FUNCTION = YES;
				GCC_WARN_UNUSED_VARIABLE = YES;
				IPHONEOS_DEPLOYMENT_TARGET = 11.2;
				MTL_ENABLE_DEBUG_INFO = NO;
				SDKROOT = iphoneos;
				SWIFT_OPTIMIZATION_LEVEL = "-Owholemodule";
				VALIDATE_PRODUCT = YES;
			};
			name = Release;
		};
		650A0116202DE31000D2ED20 /* Debug */ = {
			isa = XCBuildConfiguration;
			buildSettings = {
				ASSETCATALOG_COMPILER_APPICON_NAME = AppIcon;
				CODE_SIGN_STYLE = Automatic;
				DEVELOPMENT_TEAM = TZ2YYVHU32;
				INFOPLIST_FILE = "1 - Hello World/Info.plist";
				LD_RUNPATH_SEARCH_PATHS = "$(inherited) @executable_path/Frameworks";
				PRODUCT_BUNDLE_IDENTIFIER = "UH.----Hello-World";
				PRODUCT_NAME = "$(TARGET_NAME)";
				SWIFT_VERSION = 4.0;
				TARGETED_DEVICE_FAMILY = "1,2";
			};
			name = Debug;
		};
		650A0117202DE31000D2ED20 /* Release */ = {
			isa = XCBuildConfiguration;
			buildSettings = {
				ASSETCATALOG_COMPILER_APPICON_NAME = AppIcon;
				CODE_SIGN_STYLE = Automatic;
				DEVELOPMENT_TEAM = TZ2YYVHU32;
				INFOPLIST_FILE = "1 - Hello World/Info.plist";
				LD_RUNPATH_SEARCH_PATHS = "$(inherited) @executable_path/Frameworks";
				PRODUCT_BUNDLE_IDENTIFIER = "UH.----Hello-World";
				PRODUCT_NAME = "$(TARGET_NAME)";
				SWIFT_VERSION = 4.0;
				TARGETED_DEVICE_FAMILY = "1,2";
			};
			name = Release;
		};
		650A0119202DE31000D2ED20 /* Debug */ = {
			isa = XCBuildConfiguration;
			buildSettings = {
				ALWAYS_EMBED_SWIFT_STANDARD_LIBRARIES = YES;
				BUNDLE_LOADER = "$(TEST_HOST)";
				CODE_SIGN_STYLE = Automatic;
				DEVELOPMENT_TEAM = TZ2YYVHU32;
				INFOPLIST_FILE = "1 - Hello WorldTests/Info.plist";
				LD_RUNPATH_SEARCH_PATHS = "$(inherited) @executable_path/Frameworks @loader_path/Frameworks";
				PRODUCT_BUNDLE_IDENTIFIER = "UH.----Hello-WorldTests";
				PRODUCT_NAME = "$(TARGET_NAME)";
				SWIFT_VERSION = 4.0;
				TARGETED_DEVICE_FAMILY = "1,2";
				TEST_HOST = "$(BUILT_PRODUCTS_DIR)/1 - Hello World.app/1 - Hello World";
			};
			name = Debug;
		};
		650A011A202DE31000D2ED20 /* Release */ = {
			isa = XCBuildConfiguration;
			buildSettings = {
				ALWAYS_EMBED_SWIFT_STANDARD_LIBRARIES = YES;
				BUNDLE_LOADER = "$(TEST_HOST)";
				CODE_SIGN_STYLE = Automatic;
				DEVELOPMENT_TEAM = TZ2YYVHU32;
				INFOPLIST_FILE = "1 - Hello WorldTests/Info.plist";
				LD_RUNPATH_SEARCH_PATHS = "$(inherited) @executable_path/Frameworks @loader_path/Frameworks";
				PRODUCT_BUNDLE_IDENTIFIER = "UH.----Hello-WorldTests";
				PRODUCT_NAME = "$(TARGET_NAME)";
				SWIFT_VERSION = 4.0;
				TARGETED_DEVICE_FAMILY = "1,2";
				TEST_HOST = "$(BUILT_PRODUCTS_DIR)/1 - Hello World.app/1 - Hello World";
			};
			name = Release;
		};
		650A011C202DE31000D2ED20 /* Debug */ = {
			isa = XCBuildConfiguration;
			buildSettings = {
				ALWAYS_EMBED_SWIFT_STANDARD_LIBRARIES = YES;
				CODE_SIGN_STYLE = Automatic;
				DEVELOPMENT_TEAM = TZ2YYVHU32;
				INFOPLIST_FILE = "1 - Hello WorldUITests/Info.plist";
				LD_RUNPATH_SEARCH_PATHS = "$(inherited) @executable_path/Frameworks @loader_path/Frameworks";
				PRODUCT_BUNDLE_IDENTIFIER = "UH.----Hello-WorldUITests";
				PRODUCT_NAME = "$(TARGET_NAME)";
				SWIFT_VERSION = 4.0;
				TARGETED_DEVICE_FAMILY = "1,2";
				TEST_TARGET_NAME = "1 - Hello World";
			};
			name = Debug;
		};
		650A011D202DE31000D2ED20 /* Release */ = {
			isa = XCBuildConfiguration;
			buildSettings = {
				ALWAYS_EMBED_SWIFT_STANDARD_LIBRARIES = YES;
				CODE_SIGN_STYLE = Automatic;
				DEVELOPMENT_TEAM = TZ2YYVHU32;
				INFOPLIST_FILE = "1 - Hello WorldUITests/Info.plist";
				LD_RUNPATH_SEARCH_PATHS = "$(inherited) @executable_path/Frameworks @loader_path/Frameworks";
				PRODUCT_BUNDLE_IDENTIFIER = "UH.----Hello-WorldUITests";
				PRODUCT_NAME = "$(TARGET_NAME)";
				SWIFT_VERSION = 4.0;
				TARGETED_DEVICE_FAMILY = "1,2";
				TEST_TARGET_NAME = "1 - Hello World";
			};
			name = Release;
		};
/* End XCBuildConfiguration section */

/* Begin XCConfigurationList section */
		650A00E8202DE30F00D2ED20 /* Build configuration list for PBXProject "1 - Hello World" */ = {
			isa = XCConfigurationList;
			buildConfigurations = (
				650A0113202DE31000D2ED20 /* Debug */,
				650A0114202DE31000D2ED20 /* Release */,
			);
			defaultConfigurationIsVisible = 0;
			defaultConfigurationName = Release;
		};
		650A0115202DE31000D2ED20 /* Build configuration list for PBXNativeTarget "1 - Hello World" */ = {
			isa = XCConfigurationList;
			buildConfigurations = (
				650A0116202DE31000D2ED20 /* Debug */,
				650A0117202DE31000D2ED20 /* Release */,
			);
			defaultConfigurationIsVisible = 0;
			defaultConfigurationName = Release;
		};
		650A0118202DE31000D2ED20 /* Build configuration list for PBXNativeTarget "1 - Hello WorldTests" */ = {
			isa = XCConfigurationList;
			buildConfigurations = (
				650A0119202DE31000D2ED20 /* Debug */,
				650A011A202DE31000D2ED20 /* Release */,
			);
			defaultConfigurationIsVisible = 0;
			defaultConfigurationName = Release;
		};
		650A011B202DE31000D2ED20 /* Build configuration list for PBXNativeTarget "1 - Hello WorldUITests" */ = {
			isa = XCConfigurationList;
			buildConfigurations = (
				650A011C202DE31000D2ED20 /* Debug */,
				650A011D202DE31000D2ED20 /* Release */,
			);
			defaultConfigurationIsVisible = 0;
			defaultConfigurationName = Release;
		};
/* End XCConfigurationList section */
	};
	rootObject = 650A00E5202DE30F00D2ED20 /* Project object */;
}
